
Microsoft Visual Studio Solution File, Format Version 12.00
# Visual Studio Version 17
VisualStudioVersion = 17.13.35931.197
MinimumVisualStudioVersion = 10.0.40219.1
Project("{FAE04EC0-301F-11D3-BF4B-00C04F79EFBC}") = "PlantsAlwaysGrow", "PlantsAlwaysGrow\PlantsAlwaysGrow.csproj", "{79861CC6-FFA7-42F6-B430-DA7EB436828F}"
EndProject
Global
	GlobalSection(SolutionConfigurationPlatforms) = preSolution
		IL2CPP|Any CPU = IL2CPP|Any CPU
		Mono|Any CPU = Mono|Any CPU
	EndGlobalSection
	GlobalSection(ProjectConfigurationPlatforms) = postSolution
		{79861CC6-FFA7-42F6-B430-DA7EB436828F}.IL2CPP|Any CPU.ActiveCfg = IL2CPP|Any CPU
		{79861CC6-FFA7-42F6-B430-DA7EB436828F}.IL2CPP|Any CPU.Build.0 = IL2CPP|Any CPU
		{79861CC6-FFA7-42F6-B430-DA7EB436828F}.Mono|Any CPU.ActiveCfg = Mono|Any CPU
		{79861CC6-FFA7-42F6-B430-DA7EB436828F}.Mono|Any CPU.Build.0 = Mono|Any CPU
	EndGlobalSection
	GlobalSection(SolutionProperties) = preSolution
		HideSolutionNode = FALSE
	EndGlobalSection
	GlobalSection(ExtensibilityGlobals) = postSolution
		SolutionGuid = {1394B7B7-7C66-4E89-997A-F3C15E8164B7}
	EndGlobalSection
EndGlobal
