
Microsoft Visual Studio Solution File, Format Version 12.00
# Visual Studio Version 17
VisualStudioVersion = 17.13.35931.197
MinimumVisualStudioVersion = 10.0.40219.1
Project("{FAE04EC0-301F-11D3-BF4B-00C04F79EFBC}") = "PlantsAlwaysGrow", "PlantsAlwaysGrow\PlantsAlwaysGrow.csproj", "{79861CC6-FFA7-42F6-B430-DA7EB436828F}"
EndProject
Project("{FAE04EC0-301F-11D3-BF4B-00C04F79EFBC}") = "PlantsAlwaysGrowMono", "PlantsAlwaysGrow\PlantsAlwaysGrowMono.csproj", "{638D30FE-4692-7874-691C-2C4E9423D9B0}"
EndProject
Global
	GlobalSection(SolutionConfigurationPlatforms) = preSolution
		Debug|Any CPU = Debug|Any CPU
		IL2CPP|Any CPU = IL2CPP|Any CPU
		Mono|Any CPU = Mono|Any CPU
		Release|Any CPU = Release|Any CPU
	EndGlobalSection
	GlobalSection(ProjectConfigurationPlatforms) = postSolution
		{79861CC6-FFA7-42F6-B430-DA7EB436828F}.Debug|Any CPU.ActiveCfg = Debug|Any CPU
		{79861CC6-FFA7-42F6-B430-DA7EB436828F}.Debug|Any CPU.Build.0 = Debug|Any CPU
		{79861CC6-FFA7-42F6-B430-DA7EB436828F}.IL2CPP|Any CPU.ActiveCfg = Release|Any CPU
		{79861CC6-FFA7-42F6-B430-DA7EB436828F}.Mono|Any CPU.ActiveCfg = Release|Any CPU
		{79861CC6-FFA7-42F6-B430-DA7EB436828F}.Release|Any CPU.ActiveCfg = Release|Any CPU
		{79861CC6-FFA7-42F6-B430-DA7EB436828F}.Release|Any CPU.Build.0 = Release|Any CPU
		{638D30FE-4692-7874-691C-2C4E9423D9B0}.Debug|Any CPU.ActiveCfg = Debug|Any CPU
		{638D30FE-4692-7874-691C-2C4E9423D9B0}.Debug|Any CPU.Build.0 = Debug|Any CPU
		{638D30FE-4692-7874-691C-2C4E9423D9B0}.IL2CPP|Any CPU.ActiveCfg = Release|Any CPU
		{638D30FE-4692-7874-691C-2C4E9423D9B0}.IL2CPP|Any CPU.Build.0 = Release|Any CPU
		{638D30FE-4692-7874-691C-2C4E9423D9B0}.Mono|Any CPU.ActiveCfg = Debug|Any CPU
		{638D30FE-4692-7874-691C-2C4E9423D9B0}.Mono|Any CPU.Build.0 = Debug|Any CPU
		{638D30FE-4692-7874-691C-2C4E9423D9B0}.Release|Any CPU.ActiveCfg = Release|Any CPU
		{638D30FE-4692-7874-691C-2C4E9423D9B0}.Release|Any CPU.Build.0 = Release|Any CPU
	EndGlobalSection
	GlobalSection(SolutionProperties) = preSolution
		HideSolutionNode = FALSE
	EndGlobalSection
	GlobalSection(ExtensibilityGlobals) = postSolution
		SolutionGuid = {1394B7B7-7C66-4E89-997A-F3C15E8164B7}
	EndGlobalSection
EndGlobal
